PODS:
  - PXBlockAlertView (0.1.3):
    - UIAlertController-BetterConstructor
  - UIAlertController-BetterConstructor (0.1.1)

DEPENDENCIES:
  - PXBlockAlertView (from `../`)

EXTERNAL SOURCES:
  PXBlockAlertView:
    :path: "../"

SPEC CHECKSUMS:
  PXBlockAlertView: 92fe13111917e43f73b5724d160d756874a48026
  UIAlertController-BetterConstructor: d010f5aae55923c2bc777c94b06cba1e3f54b408

COCOAPODS: 0.38.2
