PODS:
  - PXBlockAlertView (0.1.5):
    - UIAlertController-BetterConstructor
  - UIAlertController-BetterConstructor (0.1.1)

DEPENDENCIES:
  - PXBlockAlertView (from `../`)

EXTERNAL SOURCES:
  PXBlockAlertView:
    :path: "../"

SPEC CHECKSUMS:
  PXBlockAlertView: b7f7a2f412762f85fb00171a5eef49e8d2dd6626
  UIAlertController-BetterConstructor: 7e4c138e64d6ef0b59f1482df6a47a09fbaf46e2

PODFILE CHECKSUM: 6709a11367dc9979704f65b419b970f97ab43aeb

COCOAPODS: 1.0.1
